
Microsoft Visual Studio Solution File, Format Version 12.00
# Visual Studio Version 16
VisualStudioVersion = 16.0.31410.357
MinimumVisualStudioVersion = 10.0.40219.1
Project("{FAE04EC0-301F-11D3-BF4B-00C04F79EFBC}") = "MyApp1", "MyApp1\MyApp1.csproj", "{CF7C84DD-1959-46C7-A086-5CB0B45A14A7}"
EndProject
Global
	GlobalSection(SolutionConfigurationPlatforms) = preSolution
		Debug|Any CPU = Debug|Any CPU
		Release|Any CPU = Release|Any CPU
	EndGlobalSection
	GlobalSection(ProjectConfigurationPlatforms) = postSolution
		{CF7C84DD-1959-46C7-A086-5CB0B45A14A7}.Debug|Any CPU.ActiveCfg = Debug|Any CPU
		{CF7C84DD-1959-46C7-A086-5CB0B45A14A7}.Debug|Any CPU.Build.0 = Debug|Any CPU
		{CF7C84DD-1959-46C7-A086-5CB0B45A14A7}.Release|Any CPU.ActiveCfg = Release|Any CPU
		{CF7C84DD-1959-46C7-A086-5CB0B45A14A7}.Release|Any CPU.Build.0 = Release|Any CPU
	EndGlobalSection
	GlobalSection(SolutionProperties) = preSolution
		HideSolutionNode = FALSE
	EndGlobalSection
	GlobalSection(ExtensibilityGlobals) = postSolution
		SolutionGuid = {7842D43B-D37D-42BA-864C-64FBBD0EADF4}
	EndGlobalSection
EndGlobal
